// !$*UTF8*$!
{
	archiveVersion = 1;
	classes = {
	};
	objectVersion = 55;
	objects = {

/* Begin PBXBuildFile section */
		AF076BE328C0F0A600DA3E19 /* GetReviewsResult.swift in Sources */ = {isa = PBXBuildFile; fileRef = AF076BE228C0F0A600DA3E19 /* GetReviewsResult.swift */; };
		AF076BE628C0F11A00DA3E19 /* Review.swift in Sources */ = {isa = PBXBuildFile; fileRef = AF076BE528C0F11A00DA3E19 /* Review.swift */; };
		AF076BE928C0F20000DA3E19 /* GetReviewsFactory.swift in Sources */ = {isa = PBXBuildFile; fileRef = AF076BE828C0F20000DA3E19 /* GetReviewsFactory.swift */; };
		AF076BEB28C0F25E00DA3E19 /* GetReviews.swift in Sources */ = {isa = PBXBuildFile; fileRef = AF076BEA28C0F25E00DA3E19 /* GetReviews.swift */; };
		AF076BED28C0F95A00DA3E19 /* AddReviewResult.swift in Sources */ = {isa = PBXBuildFile; fileRef = AF076BEC28C0F95A00DA3E19 /* AddReviewResult.swift */; };
		AF076BF128C0F9EB00DA3E19 /* AddReviewFactory.swift in Sources */ = {isa = PBXBuildFile; fileRef = AF076BF028C0F9EB00DA3E19 /* AddReviewFactory.swift */; };
		AF076BF328C0FA1900DA3E19 /* AddReview.swift in Sources */ = {isa = PBXBuildFile; fileRef = AF076BF228C0FA1900DA3E19 /* AddReview.swift */; };
		AF076BF628C0FE3300DA3E19 /* DeleteReviewResult.swift in Sources */ = {isa = PBXBuildFile; fileRef = AF076BF528C0FE3300DA3E19 /* DeleteReviewResult.swift */; };
		AF076BF928C0FE9600DA3E19 /* DeleteReviewFactory.swift in Sources */ = {isa = PBXBuildFile; fileRef = AF076BF828C0FE9600DA3E19 /* DeleteReviewFactory.swift */; };
		AF076BFB28C0FECC00DA3E19 /* DeleteReview.swift in Sources */ = {isa = PBXBuildFile; fileRef = AF076BFA28C0FECC00DA3E19 /* DeleteReview.swift */; };
		AF076BFD28C1004600DA3E19 /* GetReviewsTest.swift in Sources */ = {isa = PBXBuildFile; fileRef = AF076BFC28C1004600DA3E19 /* GetReviewsTest.swift */; };
		AF076BFF28C1027E00DA3E19 /* AddReviewTest.swift in Sources */ = {isa = PBXBuildFile; fileRef = AF076BFE28C1027E00DA3E19 /* AddReviewTest.swift */; };
		AF076C0128C103ED00DA3E19 /* DeleteReviewTest.swift in Sources */ = {isa = PBXBuildFile; fileRef = AF076C0028C103ED00DA3E19 /* DeleteReviewTest.swift */; };
		AF0A865228B39415009BE900 /* LogoutTests.swift in Sources */ = {isa = PBXBuildFile; fileRef = AF0A865128B39415009BE900 /* LogoutTests.swift */; };
		AF0A865428B3993F009BE900 /* ChangeUserDataTests.swift in Sources */ = {isa = PBXBuildFile; fileRef = AF0A865328B3993F009BE900 /* ChangeUserDataTests.swift */; };
		AF0A865628B3A530009BE900 /* RegistrationTests.swift in Sources */ = {isa = PBXBuildFile; fileRef = AF0A865528B3A530009BE900 /* RegistrationTests.swift */; };
		AF0A865928B3E822009BE900 /* CatalogResult.swift in Sources */ = {isa = PBXBuildFile; fileRef = AF0A865828B3E822009BE900 /* CatalogResult.swift */; };
		AF0A865B28B3E907009BE900 /* CatalogTests.swift in Sources */ = {isa = PBXBuildFile; fileRef = AF0A865A28B3E907009BE900 /* CatalogTests.swift */; };
		AF0A865E28B3E974009BE900 /* CatalogRequestFactory.swift in Sources */ = {isa = PBXBuildFile; fileRef = AF0A865D28B3E974009BE900 /* CatalogRequestFactory.swift */; };
		AF0A866028B3E9B0009BE900 /* ProductsInCatalog.swift in Sources */ = {isa = PBXBuildFile; fileRef = AF0A865F28B3E9B0009BE900 /* ProductsInCatalog.swift */; };
		AF0A866528B415F1009BE900 /* GoodResult.swift in Sources */ = {isa = PBXBuildFile; fileRef = AF0A866428B415F1009BE900 /* GoodResult.swift */; };
		AF0A866828B41B7A009BE900 /* GoodRequestFactory.swift in Sources */ = {isa = PBXBuildFile; fileRef = AF0A866728B41B7A009BE900 /* GoodRequestFactory.swift */; };
		AF0A866A28B41BD6009BE900 /* GoodFetch.swift in Sources */ = {isa = PBXBuildFile; fileRef = AF0A866928B41BD6009BE900 /* GoodFetch.swift */; };
		AF0A866C28B41E95009BE900 /* GoodTests.swift in Sources */ = {isa = PBXBuildFile; fileRef = AF0A866B28B41E95009BE900 /* GoodTests.swift */; };
		AF2EEDF328B22EB4003E5F33 /* AuthTests.swift in Sources */ = {isa = PBXBuildFile; fileRef = AF2EEDF228B22EB4003E5F33 /* AuthTests.swift */; };
		AF5702B828995D4300B4B0FB /* AppDelegate.swift in Sources */ = {isa = PBXBuildFile; fileRef = AF5702B728995D4300B4B0FB /* AppDelegate.swift */; };
		AF5702BA28995D4300B4B0FB /* SceneDelegate.swift in Sources */ = {isa = PBXBuildFile; fileRef = AF5702B928995D4300B4B0FB /* SceneDelegate.swift */; };
		AF5702C128995D4300B4B0FB /* Assets.xcassets in Resources */ = {isa = PBXBuildFile; fileRef = AF5702C028995D4300B4B0FB /* Assets.xcassets */; };
		AF5702C428995D4300B4B0FB /* LaunchScreen.storyboard in Resources */ = {isa = PBXBuildFile; fileRef = AF5702C228995D4300B4B0FB /* LaunchScreen.storyboard */; };
		AF5702CF28995D4300B4B0FB /* GBShopTests.swift in Sources */ = {isa = PBXBuildFile; fileRef = AF5702CE28995D4300B4B0FB /* GBShopTests.swift */; };
		AF5702D928995D4300B4B0FB /* GBShopUITests.swift in Sources */ = {isa = PBXBuildFile; fileRef = AF5702D828995D4300B4B0FB /* GBShopUITests.swift */; };
		AF5702DB28995D4300B4B0FB /* GBShopUITestsLaunchTests.swift in Sources */ = {isa = PBXBuildFile; fileRef = AF5702DA28995D4300B4B0FB /* GBShopUITestsLaunchTests.swift */; };
		AFD9E75828A288C8001A5B69 /* AbstractErrorParser.swift in Sources */ = {isa = PBXBuildFile; fileRef = AFD9E75728A288C8001A5B69 /* AbstractErrorParser.swift */; };
		AFD9E75C28A28963001A5B69 /* ErrorParser.swift in Sources */ = {isa = PBXBuildFile; fileRef = AFD9E75B28A28963001A5B69 /* ErrorParser.swift */; };
		AFD9E75F28A28A11001A5B69 /* Alamofire in Frameworks */ = {isa = PBXBuildFile; productRef = AFD9E75E28A28A11001A5B69 /* Alamofire */; };
		AFD9E76228A28B8B001A5B69 /* DataRequest.swift in Sources */ = {isa = PBXBuildFile; fileRef = AFD9E76128A28B8B001A5B69 /* DataRequest.swift */; };
		AFD9E76428A292BB001A5B69 /* RequestRouter.swift in Sources */ = {isa = PBXBuildFile; fileRef = AFD9E76328A292BB001A5B69 /* RequestRouter.swift */; };
		AFD9E76728A2969A001A5B69 /* LoginResult.swift in Sources */ = {isa = PBXBuildFile; fileRef = AFD9E76628A2969A001A5B69 /* LoginResult.swift */; };
		AFD9E76928A296F0001A5B69 /* User.swift in Sources */ = {isa = PBXBuildFile; fileRef = AFD9E76828A296F0001A5B69 /* User.swift */; };
		AFD9E76C28A29BBA001A5B69 /* AuthRequestFactory.swift in Sources */ = {isa = PBXBuildFile; fileRef = AFD9E76B28A29BBA001A5B69 /* AuthRequestFactory.swift */; };
		AFD9E76E28A29C10001A5B69 /* Auth.swift in Sources */ = {isa = PBXBuildFile; fileRef = AFD9E76D28A29C10001A5B69 /* Auth.swift */; };
		AFD9E77128A29E5D001A5B69 /* RequestFactory.swift in Sources */ = {isa = PBXBuildFile; fileRef = AFD9E77028A29E5D001A5B69 /* RequestFactory.swift */; };
		AFD9E77428A3BC48001A5B69 /* LogoutResult.swift in Sources */ = {isa = PBXBuildFile; fileRef = AFD9E77328A3BC48001A5B69 /* LogoutResult.swift */; };
		AFD9E77728A3BEC9001A5B69 /* LogoutRequestFactory.swift in Sources */ = {isa = PBXBuildFile; fileRef = AFD9E77628A3BEC9001A5B69 /* LogoutRequestFactory.swift */; };
		AFD9E77928A3BF19001A5B69 /* Logout.swift in Sources */ = {isa = PBXBuildFile; fileRef = AFD9E77828A3BF19001A5B69 /* Logout.swift */; };
		AFD9E77C28A3CB92001A5B69 /* ChangeUserDataResult.swift in Sources */ = {isa = PBXBuildFile; fileRef = AFD9E77B28A3CB92001A5B69 /* ChangeUserDataResult.swift */; };
		AFD9E77E28A3CC37001A5B69 /* ChangeUserDataRequestFactory.swift in Sources */ = {isa = PBXBuildFile; fileRef = AFD9E77D28A3CC37001A5B69 /* ChangeUserDataRequestFactory.swift */; };
		AFD9E78128A3CCC8001A5B69 /* ChangeUserData.swift in Sources */ = {isa = PBXBuildFile; fileRef = AFD9E78028A3CCC8001A5B69 /* ChangeUserData.swift */; };
		AFD9E78428A3D209001A5B69 /* RegistrationResult.swift in Sources */ = {isa = PBXBuildFile; fileRef = AFD9E78328A3D209001A5B69 /* RegistrationResult.swift */; };
		AFD9E78728A3D253001A5B69 /* RegistrationRequestFactory.swift in Sources */ = {isa = PBXBuildFile; fileRef = AFD9E78628A3D253001A5B69 /* RegistrationRequestFactory.swift */; };
		AFD9E78928A3D34B001A5B69 /* Registration.swift in Sources */ = {isa = PBXBuildFile; fileRef = AFD9E78828A3D34B001A5B69 /* Registration.swift */; };
/* End PBXBuildFile section */

/* Begin PBXContainerItemProxy section */
		AF5702CB28995D4300B4B0FB /* PBXContainerItemProxy */ = {
			isa = PBXContainerItemProxy;
			containerPortal = AF5702AC28995D4300B4B0FB /* Project object */;
			proxyType = 1;
			remoteGlobalIDString = AF5702B328995D4300B4B0FB;
			remoteInfo = GBShop;
		};
		AF5702D528995D4300B4B0FB /* PBXContainerItemProxy */ = {
			isa = PBXContainerItemProxy;
			containerPortal = AF5702AC28995D4300B4B0FB /* Project object */;
			proxyType = 1;
			remoteGlobalIDString = AF5702B328995D4300B4B0FB;
			remoteInfo = GBShop;
		};
/* End PBXContainerItemProxy section */

/* Begin PBXFileReference section */
		AF076BE228C0F0A600DA3E19 /* GetReviewsResult.swift */ = {isa = PBXFileReference; lastKnownFileType = sourcecode.swift; path = GetReviewsResult.swift; sourceTree = "<group>"; };
		AF076BE528C0F11A00DA3E19 /* Review.swift */ = {isa = PBXFileReference; lastKnownFileType = sourcecode.swift; path = Review.swift; sourceTree = "<group>"; };
		AF076BE828C0F20000DA3E19 /* GetReviewsFactory.swift */ = {isa = PBXFileReference; lastKnownFileType = sourcecode.swift; path = GetReviewsFactory.swift; sourceTree = "<group>"; };
		AF076BEA28C0F25E00DA3E19 /* GetReviews.swift */ = {isa = PBXFileReference; lastKnownFileType = sourcecode.swift; path = GetReviews.swift; sourceTree = "<group>"; };
		AF076BEC28C0F95A00DA3E19 /* AddReviewResult.swift */ = {isa = PBXFileReference; lastKnownFileType = sourcecode.swift; path = AddReviewResult.swift; sourceTree = "<group>"; };
		AF076BF028C0F9EB00DA3E19 /* AddReviewFactory.swift */ = {isa = PBXFileReference; lastKnownFileType = sourcecode.swift; path = AddReviewFactory.swift; sourceTree = "<group>"; };
		AF076BF228C0FA1900DA3E19 /* AddReview.swift */ = {isa = PBXFileReference; lastKnownFileType = sourcecode.swift; path = AddReview.swift; sourceTree = "<group>"; };
		AF076BF528C0FE3300DA3E19 /* DeleteReviewResult.swift */ = {isa = PBXFileReference; lastKnownFileType = sourcecode.swift; path = DeleteReviewResult.swift; sourceTree = "<group>"; };
		AF076BF828C0FE9600DA3E19 /* DeleteReviewFactory.swift */ = {isa = PBXFileReference; lastKnownFileType = sourcecode.swift; path = DeleteReviewFactory.swift; sourceTree = "<group>"; };
		AF076BFA28C0FECC00DA3E19 /* DeleteReview.swift */ = {isa = PBXFileReference; lastKnownFileType = sourcecode.swift; path = DeleteReview.swift; sourceTree = "<group>"; };
		AF076BFC28C1004600DA3E19 /* GetReviewsTest.swift */ = {isa = PBXFileReference; lastKnownFileType = sourcecode.swift; path = GetReviewsTest.swift; sourceTree = "<group>"; };
		AF076BFE28C1027E00DA3E19 /* AddReviewTest.swift */ = {isa = PBXFileReference; lastKnownFileType = sourcecode.swift; path = AddReviewTest.swift; sourceTree = "<group>"; };
		AF076C0028C103ED00DA3E19 /* DeleteReviewTest.swift */ = {isa = PBXFileReference; lastKnownFileType = sourcecode.swift; path = DeleteReviewTest.swift; sourceTree = "<group>"; };
		AF0A865128B39415009BE900 /* LogoutTests.swift */ = {isa = PBXFileReference; lastKnownFileType = sourcecode.swift; path = LogoutTests.swift; sourceTree = "<group>"; };
		AF0A865328B3993F009BE900 /* ChangeUserDataTests.swift */ = {isa = PBXFileReference; lastKnownFileType = sourcecode.swift; path = ChangeUserDataTests.swift; sourceTree = "<group>"; };
		AF0A865528B3A530009BE900 /* RegistrationTests.swift */ = {isa = PBXFileReference; lastKnownFileType = sourcecode.swift; path = RegistrationTests.swift; sourceTree = "<group>"; };
		AF0A865828B3E822009BE900 /* CatalogResult.swift */ = {isa = PBXFileReference; lastKnownFileType = sourcecode.swift; path = CatalogResult.swift; sourceTree = "<group>"; };
		AF0A865A28B3E907009BE900 /* CatalogTests.swift */ = {isa = PBXFileReference; lastKnownFileType = sourcecode.swift; path = CatalogTests.swift; sourceTree = "<group>"; };
		AF0A865D28B3E974009BE900 /* CatalogRequestFactory.swift */ = {isa = PBXFileReference; lastKnownFileType = sourcecode.swift; path = CatalogRequestFactory.swift; sourceTree = "<group>"; };
		AF0A865F28B3E9B0009BE900 /* ProductsInCatalog.swift */ = {isa = PBXFileReference; lastKnownFileType = sourcecode.swift; path = ProductsInCatalog.swift; sourceTree = "<group>"; };
		AF0A866428B415F1009BE900 /* GoodResult.swift */ = {isa = PBXFileReference; lastKnownFileType = sourcecode.swift; path = GoodResult.swift; sourceTree = "<group>"; };
		AF0A866728B41B7A009BE900 /* GoodRequestFactory.swift */ = {isa = PBXFileReference; lastKnownFileType = sourcecode.swift; path = GoodRequestFactory.swift; sourceTree = "<group>"; };
		AF0A866928B41BD6009BE900 /* GoodFetch.swift */ = {isa = PBXFileReference; lastKnownFileType = sourcecode.swift; path = GoodFetch.swift; sourceTree = "<group>"; };
		AF0A866B28B41E95009BE900 /* GoodTests.swift */ = {isa = PBXFileReference; lastKnownFileType = sourcecode.swift; path = GoodTests.swift; sourceTree = "<group>"; };
		AF2EEDF228B22EB4003E5F33 /* AuthTests.swift */ = {isa = PBXFileReference; lastKnownFileType = sourcecode.swift; path = AuthTests.swift; sourceTree = "<group>"; };
		AF5702B428995D4300B4B0FB /* GBShop.app */ = {isa = PBXFileReference; explicitFileType = wrapper.application; includeInIndex = 0; path = GBShop.app; sourceTree = BUILT_PRODUCTS_DIR; };
		AF5702B728995D4300B4B0FB /* AppDelegate.swift */ = {isa = PBXFileReference; lastKnownFileType = sourcecode.swift; path = AppDelegate.swift; sourceTree = "<group>"; };
		AF5702B928995D4300B4B0FB /* SceneDelegate.swift */ = {isa = PBXFileReference; lastKnownFileType = sourcecode.swift; path = SceneDelegate.swift; sourceTree = "<group>"; };
		AF5702C028995D4300B4B0FB /* Assets.xcassets */ = {isa = PBXFileReference; lastKnownFileType = folder.assetcatalog; path = Assets.xcassets; sourceTree = "<group>"; };
		AF5702C328995D4300B4B0FB /* Base */ = {isa = PBXFileReference; lastKnownFileType = file.storyboard; name = Base; path = Base.lproj/LaunchScreen.storyboard; sourceTree = "<group>"; };
		AF5702C528995D4300B4B0FB /* Info.plist */ = {isa = PBXFileReference; lastKnownFileType = text.plist.xml; path = Info.plist; sourceTree = "<group>"; };
		AF5702CA28995D4300B4B0FB /* GBShopTests.xctest */ = {isa = PBXFileReference; explicitFileType = wrapper.cfbundle; includeInIndex = 0; path = GBShopTests.xctest; sourceTree = BUILT_PRODUCTS_DIR; };
		AF5702CE28995D4300B4B0FB /* GBShopTests.swift */ = {isa = PBXFileReference; lastKnownFileType = sourcecode.swift; path = GBShopTests.swift; sourceTree = "<group>"; };
		AF5702D428995D4300B4B0FB /* GBShopUITests.xctest */ = {isa = PBXFileReference; explicitFileType = wrapper.cfbundle; includeInIndex = 0; path = GBShopUITests.xctest; sourceTree = BUILT_PRODUCTS_DIR; };
		AF5702D828995D4300B4B0FB /* GBShopUITests.swift */ = {isa = PBXFileReference; lastKnownFileType = sourcecode.swift; path = GBShopUITests.swift; sourceTree = "<group>"; };
		AF5702DA28995D4300B4B0FB /* GBShopUITestsLaunchTests.swift */ = {isa = PBXFileReference; lastKnownFileType = sourcecode.swift; path = GBShopUITestsLaunchTests.swift; sourceTree = "<group>"; };
		AFD9E75728A288C8001A5B69 /* AbstractErrorParser.swift */ = {isa = PBXFileReference; lastKnownFileType = sourcecode.swift; path = AbstractErrorParser.swift; sourceTree = "<group>"; };
		AFD9E75B28A28963001A5B69 /* ErrorParser.swift */ = {isa = PBXFileReference; lastKnownFileType = sourcecode.swift; path = ErrorParser.swift; sourceTree = "<group>"; };
		AFD9E76128A28B8B001A5B69 /* DataRequest.swift */ = {isa = PBXFileReference; lastKnownFileType = sourcecode.swift; path = DataRequest.swift; sourceTree = "<group>"; };
		AFD9E76328A292BB001A5B69 /* RequestRouter.swift */ = {isa = PBXFileReference; lastKnownFileType = sourcecode.swift; path = RequestRouter.swift; sourceTree = "<group>"; };
		AFD9E76628A2969A001A5B69 /* LoginResult.swift */ = {isa = PBXFileReference; lastKnownFileType = sourcecode.swift; path = LoginResult.swift; sourceTree = "<group>"; };
		AFD9E76828A296F0001A5B69 /* User.swift */ = {isa = PBXFileReference; lastKnownFileType = sourcecode.swift; path = User.swift; sourceTree = "<group>"; };
		AFD9E76B28A29BBA001A5B69 /* AuthRequestFactory.swift */ = {isa = PBXFileReference; lastKnownFileType = sourcecode.swift; path = AuthRequestFactory.swift; sourceTree = "<group>"; };
		AFD9E76D28A29C10001A5B69 /* Auth.swift */ = {isa = PBXFileReference; lastKnownFileType = sourcecode.swift; path = Auth.swift; sourceTree = "<group>"; };
		AFD9E77028A29E5D001A5B69 /* RequestFactory.swift */ = {isa = PBXFileReference; lastKnownFileType = sourcecode.swift; path = RequestFactory.swift; sourceTree = "<group>"; };
		AFD9E77328A3BC48001A5B69 /* LogoutResult.swift */ = {isa = PBXFileReference; lastKnownFileType = sourcecode.swift; path = LogoutResult.swift; sourceTree = "<group>"; };
		AFD9E77628A3BEC9001A5B69 /* LogoutRequestFactory.swift */ = {isa = PBXFileReference; lastKnownFileType = sourcecode.swift; path = LogoutRequestFactory.swift; sourceTree = "<group>"; };
		AFD9E77828A3BF19001A5B69 /* Logout.swift */ = {isa = PBXFileReference; lastKnownFileType = sourcecode.swift; path = Logout.swift; sourceTree = "<group>"; };
		AFD9E77B28A3CB92001A5B69 /* ChangeUserDataResult.swift */ = {isa = PBXFileReference; lastKnownFileType = sourcecode.swift; path = ChangeUserDataResult.swift; sourceTree = "<group>"; };
		AFD9E77D28A3CC37001A5B69 /* ChangeUserDataRequestFactory.swift */ = {isa = PBXFileReference; lastKnownFileType = sourcecode.swift; path = ChangeUserDataRequestFactory.swift; sourceTree = "<group>"; };
		AFD9E78028A3CCC8001A5B69 /* ChangeUserData.swift */ = {isa = PBXFileReference; lastKnownFileType = sourcecode.swift; path = ChangeUserData.swift; sourceTree = "<group>"; };
		AFD9E78328A3D209001A5B69 /* RegistrationResult.swift */ = {isa = PBXFileReference; lastKnownFileType = sourcecode.swift; path = RegistrationResult.swift; sourceTree = "<group>"; };
		AFD9E78628A3D253001A5B69 /* RegistrationRequestFactory.swift */ = {isa = PBXFileReference; lastKnownFileType = sourcecode.swift; path = RegistrationRequestFactory.swift; sourceTree = "<group>"; };
		AFD9E78828A3D34B001A5B69 /* Registration.swift */ = {isa = PBXFileReference; lastKnownFileType = sourcecode.swift; path = Registration.swift; sourceTree = "<group>"; };
/* End PBXFileReference section */

/* Begin PBXFrameworksBuildPhase section */
		AF5702B128995D4300B4B0FB /* Frameworks */ = {
			isa = PBXFrameworksBuildPhase;
			buildActionMask = 2147483647;
			files = (
				AFD9E75F28A28A11001A5B69 /* Alamofire in Frameworks */,
			);
			runOnlyForDeploymentPostprocessing = 0;
		};
		AF5702C728995D4300B4B0FB /* Frameworks */ = {
			isa = PBXFrameworksBuildPhase;
			buildActionMask = 2147483647;
			files = (
			);
			runOnlyForDeploymentPostprocessing = 0;
		};
		AF5702D128995D4300B4B0FB /* Frameworks */ = {
			isa = PBXFrameworksBuildPhase;
			buildActionMask = 2147483647;
			files = (
			);
			runOnlyForDeploymentPostprocessing = 0;
		};
/* End PBXFrameworksBuildPhase section */

/* Begin PBXGroup section */
		AF076BE428C0F10500DA3E19 /* GetReview */ = {
			isa = PBXGroup;
			children = (
				AF076BE228C0F0A600DA3E19 /* GetReviewsResult.swift */,
				AF076BE528C0F11A00DA3E19 /* Review.swift */,
			);
			path = GetReview;
			sourceTree = "<group>";
		};
		AF076BE728C0F1ED00DA3E19 /* GetReviews */ = {
			isa = PBXGroup;
			children = (
				AF076BE828C0F20000DA3E19 /* GetReviewsFactory.swift */,
				AF076BEA28C0F25E00DA3E19 /* GetReviews.swift */,
			);
			path = GetReviews;
			sourceTree = "<group>";
		};
		AF076BEE28C0F95E00DA3E19 /* AddReview */ = {
			isa = PBXGroup;
			children = (
				AF076BEC28C0F95A00DA3E19 /* AddReviewResult.swift */,
			);
			path = AddReview;
			sourceTree = "<group>";
		};
		AF076BEF28C0F9C300DA3E19 /* AddReview */ = {
			isa = PBXGroup;
			children = (
				AF076BF028C0F9EB00DA3E19 /* AddReviewFactory.swift */,
				AF076BF228C0FA1900DA3E19 /* AddReview.swift */,
			);
			path = AddReview;
			sourceTree = "<group>";
		};
		AF076BF428C0FE1A00DA3E19 /* DeleteReview */ = {
			isa = PBXGroup;
			children = (
				AF076BF528C0FE3300DA3E19 /* DeleteReviewResult.swift */,
			);
			path = DeleteReview;
			sourceTree = "<group>";
		};
		AF076BF728C0FE8300DA3E19 /* DeleteReview */ = {
			isa = PBXGroup;
			children = (
				AF076BF828C0FE9600DA3E19 /* DeleteReviewFactory.swift */,
				AF076BFA28C0FECC00DA3E19 /* DeleteReview.swift */,
			);
			path = DeleteReview;
			sourceTree = "<group>";
		};
		AF0A865728B3E810009BE900 /* Catalog */ = {
			isa = PBXGroup;
			children = (
				AF0A865828B3E822009BE900 /* CatalogResult.swift */,
			);
			path = Catalog;
			sourceTree = "<group>";
		};
		AF0A865C28B3E95D009BE900 /* Products */ = {
			isa = PBXGroup;
			children = (
				AF0A865D28B3E974009BE900 /* CatalogRequestFactory.swift */,
				AF0A865F28B3E9B0009BE900 /* ProductsInCatalog.swift */,
			);
			path = Products;
			sourceTree = "<group>";
		};
		AF0A866328B415DC009BE900 /* Good */ = {
			isa = PBXGroup;
			children = (
				AF0A866428B415F1009BE900 /* GoodResult.swift */,
			);
			path = Good;
			sourceTree = "<group>";
		};
		AF0A866628B41B69009BE900 /* Good */ = {
			isa = PBXGroup;
			children = (
				AF0A866728B41B7A009BE900 /* GoodRequestFactory.swift */,
				AF0A866928B41BD6009BE900 /* GoodFetch.swift */,
			);
			path = Good;
			sourceTree = "<group>";
		};
		AF5702AB28995D4300B4B0FB = {
			isa = PBXGroup;
			children = (
				AF5702B628995D4300B4B0FB /* GBShop */,
				AF5702CD28995D4300B4B0FB /* GBShopTests */,
				AF5702D728995D4300B4B0FB /* GBShopUITests */,
				AF5702B528995D4300B4B0FB /* Products */,
			);
			sourceTree = "<group>";
		};
		AF5702B528995D4300B4B0FB /* Products */ = {
			isa = PBXGroup;
			children = (
				AF5702B428995D4300B4B0FB /* GBShop.app */,
				AF5702CA28995D4300B4B0FB /* GBShopTests.xctest */,
				AF5702D428995D4300B4B0FB /* GBShopUITests.xctest */,
			);
			name = Products;
			sourceTree = "<group>";
		};
		AF5702B628995D4300B4B0FB /* GBShop */ = {
			isa = PBXGroup;
			children = (
				AF5702E728995FC600B4B0FB /* App */,
				AF5702B728995D4300B4B0FB /* AppDelegate.swift */,
				AF5702B928995D4300B4B0FB /* SceneDelegate.swift */,
				AF5702EC2899601000B4B0FB /* Core */,
				AF5702ED2899601D00B4B0FB /* Resources */,
				AF5702EE2899602E00B4B0FB /* Environments */,
			);
			path = GBShop;
			sourceTree = "<group>";
		};
		AF5702CD28995D4300B4B0FB /* GBShopTests */ = {
			isa = PBXGroup;
			children = (
				AF5702CE28995D4300B4B0FB /* GBShopTests.swift */,
				AF2EEDF228B22EB4003E5F33 /* AuthTests.swift */,
				AF0A865128B39415009BE900 /* LogoutTests.swift */,
				AF0A865328B3993F009BE900 /* ChangeUserDataTests.swift */,
				AF0A865528B3A530009BE900 /* RegistrationTests.swift */,
				AF0A865A28B3E907009BE900 /* CatalogTests.swift */,
				AF0A866B28B41E95009BE900 /* GoodTests.swift */,
				AF076BFC28C1004600DA3E19 /* GetReviewsTest.swift */,
				AF076BFE28C1027E00DA3E19 /* AddReviewTest.swift */,
				AF076C0028C103ED00DA3E19 /* DeleteReviewTest.swift */,
			);
			path = GBShopTests;
			sourceTree = "<group>";
		};
		AF5702D728995D4300B4B0FB /* GBShopUITests */ = {
			isa = PBXGroup;
			children = (
				AF5702D828995D4300B4B0FB /* GBShopUITests.swift */,
				AF5702DA28995D4300B4B0FB /* GBShopUITestsLaunchTests.swift */,
			);
			path = GBShopUITests;
			sourceTree = "<group>";
		};
		AF5702E728995FC600B4B0FB /* App */ = {
			isa = PBXGroup;
			children = (
				AF5702E828995FCC00B4B0FB /* Flows */,
				AF5702E928995FD600B4B0FB /* Assembly */,
				AF5702EA28995FE700B4B0FB /* Entity */,
				AF5702EB28995FEF00B4B0FB /* BusinessLogic */,
			);
			path = App;
			sourceTree = "<group>";
		};
		AF5702E828995FCC00B4B0FB /* Flows */ = {
			isa = PBXGroup;
			children = (
			);
			path = Flows;
			sourceTree = "<group>";
		};
		AF5702E928995FD600B4B0FB /* Assembly */ = {
			isa = PBXGroup;
			children = (
			);
			path = Assembly;
			sourceTree = "<group>";
		};
		AF5702EA28995FE700B4B0FB /* Entity */ = {
			isa = PBXGroup;
			children = (
				AF076BF428C0FE1A00DA3E19 /* DeleteReview */,
				AF0A866328B415DC009BE900 /* Good */,
				AF0A865728B3E810009BE900 /* Catalog */,
				AFD9E78228A3D1FB001A5B69 /* Registration */,
				AFD9E77A28A3CB82001A5B69 /* ChangeUserData */,
				AFD9E77228A3BC26001A5B69 /* Logout */,
				AFD9E76528A29684001A5B69 /* Login */,
				AF076BE428C0F10500DA3E19 /* GetReview */,
				AF076BEE28C0F95E00DA3E19 /* AddReview */,
			);
			path = Entity;
			sourceTree = "<group>";
		};
		AF5702EB28995FEF00B4B0FB /* BusinessLogic */ = {
			isa = PBXGroup;
			children = (
				AFD9E76A28A29BA6001A5B69 /* Network */,
			);
			path = BusinessLogic;
			sourceTree = "<group>";
		};
		AF5702EC2899601000B4B0FB /* Core */ = {
			isa = PBXGroup;
			children = (
				AFD9E75928A288CC001A5B69 /* Network */,
			);
			path = Core;
			sourceTree = "<group>";
		};
		AF5702ED2899601D00B4B0FB /* Resources */ = {
			isa = PBXGroup;
			children = (
				AF5702C028995D4300B4B0FB /* Assets.xcassets */,
				AF5702C228995D4300B4B0FB /* LaunchScreen.storyboard */,
			);
			path = Resources;
			sourceTree = "<group>";
		};
		AF5702EE2899602E00B4B0FB /* Environments */ = {
			isa = PBXGroup;
			children = (
				AF5702C528995D4300B4B0FB /* Info.plist */,
			);
			path = Environments;
			sourceTree = "<group>";
		};
		AFD9E75928A288CC001A5B69 /* Network */ = {
			isa = PBXGroup;
			children = (
				AFD9E76028A28B7C001A5B69 /* Request */,
				AFD9E75A28A28925001A5B69 /* Error */,
			);
			path = Network;
			sourceTree = "<group>";
		};
		AFD9E75A28A28925001A5B69 /* Error */ = {
			isa = PBXGroup;
			children = (
				AFD9E75728A288C8001A5B69 /* AbstractErrorParser.swift */,
				AFD9E75B28A28963001A5B69 /* ErrorParser.swift */,
			);
			path = Error;
			sourceTree = "<group>";
		};
		AFD9E76028A28B7C001A5B69 /* Request */ = {
			isa = PBXGroup;
			children = (
				AFD9E76128A28B8B001A5B69 /* DataRequest.swift */,
				AFD9E76328A292BB001A5B69 /* RequestRouter.swift */,
			);
			path = Request;
			sourceTree = "<group>";
		};
		AFD9E76528A29684001A5B69 /* Login */ = {
			isa = PBXGroup;
			children = (
				AFD9E76628A2969A001A5B69 /* LoginResult.swift */,
				AFD9E76828A296F0001A5B69 /* User.swift */,
			);
			path = Login;
			sourceTree = "<group>";
		};
		AFD9E76A28A29BA6001A5B69 /* Network */ = {
			isa = PBXGroup;
			children = (
				AF076BF728C0FE8300DA3E19 /* DeleteReview */,
				AF076BEF28C0F9C300DA3E19 /* AddReview */,
				AF076BE728C0F1ED00DA3E19 /* GetReviews */,
				AF0A866628B41B69009BE900 /* Good */,
				AF0A865C28B3E95D009BE900 /* Products */,
				AFD9E76F28A29E3F001A5B69 /* Auth */,
				AFD9E77F28A3CC3C001A5B69 /* ChangeUserData */,
				AFD9E78528A3D236001A5B69 /* Registration */,
				AFD9E77528A3BEB1001A5B69 /* Logout */,
				AFD9E77028A29E5D001A5B69 /* RequestFactory.swift */,
			);
			path = Network;
			sourceTree = "<group>";
		};
		AFD9E76F28A29E3F001A5B69 /* Auth */ = {
			isa = PBXGroup;
			children = (
				AFD9E76B28A29BBA001A5B69 /* AuthRequestFactory.swift */,
				AFD9E76D28A29C10001A5B69 /* Auth.swift */,
			);
			path = Auth;
			sourceTree = "<group>";
		};
		AFD9E77228A3BC26001A5B69 /* Logout */ = {
			isa = PBXGroup;
			children = (
				AFD9E77328A3BC48001A5B69 /* LogoutResult.swift */,
			);
			path = Logout;
			sourceTree = "<group>";
		};
		AFD9E77528A3BEB1001A5B69 /* Logout */ = {
			isa = PBXGroup;
			children = (
				AFD9E77628A3BEC9001A5B69 /* LogoutRequestFactory.swift */,
				AFD9E77828A3BF19001A5B69 /* Logout.swift */,
			);
			path = Logout;
			sourceTree = "<group>";
		};
		AFD9E77A28A3CB82001A5B69 /* ChangeUserData */ = {
			isa = PBXGroup;
			children = (
				AFD9E77B28A3CB92001A5B69 /* ChangeUserDataResult.swift */,
			);
			path = ChangeUserData;
			sourceTree = "<group>";
		};
		AFD9E77F28A3CC3C001A5B69 /* ChangeUserData */ = {
			isa = PBXGroup;
			children = (
				AFD9E77D28A3CC37001A5B69 /* ChangeUserDataRequestFactory.swift */,
				AFD9E78028A3CCC8001A5B69 /* ChangeUserData.swift */,
			);
			path = ChangeUserData;
			sourceTree = "<group>";
		};
		AFD9E78228A3D1FB001A5B69 /* Registration */ = {
			isa = PBXGroup;
			children = (
				AFD9E78328A3D209001A5B69 /* RegistrationResult.swift */,
			);
			path = Registration;
			sourceTree = "<group>";
		};
		AFD9E78528A3D236001A5B69 /* Registration */ = {
			isa = PBXGroup;
			children = (
				AFD9E78628A3D253001A5B69 /* RegistrationRequestFactory.swift */,
				AFD9E78828A3D34B001A5B69 /* Registration.swift */,
			);
			path = Registration;
			sourceTree = "<group>";
		};
/* End PBXGroup section */

/* Begin PBXNativeTarget section */
		AF5702B328995D4300B4B0FB /* GBShop */ = {
			isa = PBXNativeTarget;
			buildConfigurationList = AF5702DE28995D4300B4B0FB /* Build configuration list for PBXNativeTarget "GBShop" */;
			buildPhases = (
				AF5702B028995D4300B4B0FB /* Sources */,
				AF5702B128995D4300B4B0FB /* Frameworks */,
				AF5702B228995D4300B4B0FB /* Resources */,
			);
			buildRules = (
			);
			dependencies = (
			);
			name = GBShop;
			packageProductDependencies = (
				AFD9E75E28A28A11001A5B69 /* Alamofire */,
			);
			productName = GBShop;
			productReference = AF5702B428995D4300B4B0FB /* GBShop.app */;
			productType = "com.apple.product-type.application";
		};
		AF5702C928995D4300B4B0FB /* GBShopTests */ = {
			isa = PBXNativeTarget;
			buildConfigurationList = AF5702E128995D4300B4B0FB /* Build configuration list for PBXNativeTarget "GBShopTests" */;
			buildPhases = (
				AF5702C628995D4300B4B0FB /* Sources */,
				AF5702C728995D4300B4B0FB /* Frameworks */,
				AF5702C828995D4300B4B0FB /* Resources */,
			);
			buildRules = (
			);
			dependencies = (
				AF5702CC28995D4300B4B0FB /* PBXTargetDependency */,
			);
			name = GBShopTests;
			productName = GBShopTests;
			productReference = AF5702CA28995D4300B4B0FB /* GBShopTests.xctest */;
			productType = "com.apple.product-type.bundle.unit-test";
		};
		AF5702D328995D4300B4B0FB /* GBShopUITests */ = {
			isa = PBXNativeTarget;
			buildConfigurationList = AF5702E428995D4300B4B0FB /* Build configuration list for PBXNativeTarget "GBShopUITests" */;
			buildPhases = (
				AF5702D028995D4300B4B0FB /* Sources */,
				AF5702D128995D4300B4B0FB /* Frameworks */,
				AF5702D228995D4300B4B0FB /* Resources */,
			);
			buildRules = (
			);
			dependencies = (
				AF5702D628995D4300B4B0FB /* PBXTargetDependency */,
			);
			name = GBShopUITests;
			productName = GBShopUITests;
			productReference = AF5702D428995D4300B4B0FB /* GBShopUITests.xctest */;
			productType = "com.apple.product-type.bundle.ui-testing";
		};
/* End PBXNativeTarget section */

/* Begin PBXProject section */
		AF5702AC28995D4300B4B0FB /* Project object */ = {
			isa = PBXProject;
			attributes = {
				BuildIndependentTargetsInParallel = 1;
				LastSwiftUpdateCheck = 1340;
				LastUpgradeCheck = 1340;
				TargetAttributes = {
					AF5702B328995D4300B4B0FB = {
						CreatedOnToolsVersion = 13.4.1;
					};
					AF5702C928995D4300B4B0FB = {
						CreatedOnToolsVersion = 13.4.1;
						TestTargetID = AF5702B328995D4300B4B0FB;
					};
					AF5702D328995D4300B4B0FB = {
						CreatedOnToolsVersion = 13.4.1;
						TestTargetID = AF5702B328995D4300B4B0FB;
					};
				};
			};
			buildConfigurationList = AF5702AF28995D4300B4B0FB /* Build configuration list for PBXProject "GBShop" */;
			compatibilityVersion = "Xcode 13.0";
			developmentRegion = en;
			hasScannedForEncodings = 0;
			knownRegions = (
				en,
				Base,
			);
			mainGroup = AF5702AB28995D4300B4B0FB;
			packageReferences = (
				AFD9E75D28A28A11001A5B69 /* XCRemoteSwiftPackageReference "Alamofire" */,
			);
			productRefGroup = AF5702B528995D4300B4B0FB /* Products */;
			projectDirPath = "";
			projectRoot = "";
			targets = (
				AF5702B328995D4300B4B0FB /* GBShop */,
				AF5702C928995D4300B4B0FB /* GBShopTests */,
				AF5702D328995D4300B4B0FB /* GBShopUITests */,
			);
		};
/* End PBXProject section */

/* Begin PBXResourcesBuildPhase section */
		AF5702B228995D4300B4B0FB /* Resources */ = {
			isa = PBXResourcesBuildPhase;
			buildActionMask = 2147483647;
			files = (
				AF5702C428995D4300B4B0FB /* LaunchScreen.storyboard in Resources */,
				AF5702C128995D4300B4B0FB /* Assets.xcassets in Resources */,
			);
			runOnlyForDeploymentPostprocessing = 0;
		};
		AF5702C828995D4300B4B0FB /* Resources */ = {
			isa = PBXResourcesBuildPhase;
			buildActionMask = 2147483647;
			files = (
			);
			runOnlyForDeploymentPostprocessing = 0;
		};
		AF5702D228995D4300B4B0FB /* Resources */ = {
			isa = PBXResourcesBuildPhase;
			buildActionMask = 2147483647;
			files = (
			);
			runOnlyForDeploymentPostprocessing = 0;
		};
/* End PBXResourcesBuildPhase section */

/* Begin PBXSourcesBuildPhase section */
		AF5702B028995D4300B4B0FB /* Sources */ = {
			isa = PBXSourcesBuildPhase;
			buildActionMask = 2147483647;
			files = (
				AF0A866A28B41BD6009BE900 /* GoodFetch.swift in Sources */,
				AF0A866828B41B7A009BE900 /* GoodRequestFactory.swift in Sources */,
				AF076BFB28C0FECC00DA3E19 /* DeleteReview.swift in Sources */,
				AF076BF928C0FE9600DA3E19 /* DeleteReviewFactory.swift in Sources */,
				AFD9E77128A29E5D001A5B69 /* RequestFactory.swift in Sources */,
				AFD9E77E28A3CC37001A5B69 /* ChangeUserDataRequestFactory.swift in Sources */,
				AF076BF128C0F9EB00DA3E19 /* AddReviewFactory.swift in Sources */,
				AFD9E77C28A3CB92001A5B69 /* ChangeUserDataResult.swift in Sources */,
				AFD9E75828A288C8001A5B69 /* AbstractErrorParser.swift in Sources */,
				AFD9E78428A3D209001A5B69 /* RegistrationResult.swift in Sources */,
				AFD9E78728A3D253001A5B69 /* RegistrationRequestFactory.swift in Sources */,
				AF076BF628C0FE3300DA3E19 /* DeleteReviewResult.swift in Sources */,
				AF076BE328C0F0A600DA3E19 /* GetReviewsResult.swift in Sources */,
				AF076BED28C0F95A00DA3E19 /* AddReviewResult.swift in Sources */,
				AF076BE628C0F11A00DA3E19 /* Review.swift in Sources */,
				AF0A866528B415F1009BE900 /* GoodResult.swift in Sources */,
				AFD9E76728A2969A001A5B69 /* LoginResult.swift in Sources */,
				AFD9E76228A28B8B001A5B69 /* DataRequest.swift in Sources */,
				AF0A865E28B3E974009BE900 /* CatalogRequestFactory.swift in Sources */,
				AFD9E78928A3D34B001A5B69 /* Registration.swift in Sources */,
				AFD9E76428A292BB001A5B69 /* RequestRouter.swift in Sources */,
				AFD9E76928A296F0001A5B69 /* User.swift in Sources */,
				AFD9E77428A3BC48001A5B69 /* LogoutResult.swift in Sources */,
				AFD9E76E28A29C10001A5B69 /* Auth.swift in Sources */,
				AF0A866028B3E9B0009BE900 /* ProductsInCatalog.swift in Sources */,
				AF076BEB28C0F25E00DA3E19 /* GetReviews.swift in Sources */,
				AFD9E76C28A29BBA001A5B69 /* AuthRequestFactory.swift in Sources */,
				AFD9E77728A3BEC9001A5B69 /* LogoutRequestFactory.swift in Sources */,
				AF5702B828995D4300B4B0FB /* AppDelegate.swift in Sources */,
				AF5702BA28995D4300B4B0FB /* SceneDelegate.swift in Sources */,
				AF076BE928C0F20000DA3E19 /* GetReviewsFactory.swift in Sources */,
				AFD9E75C28A28963001A5B69 /* ErrorParser.swift in Sources */,
				AF0A865928B3E822009BE900 /* CatalogResult.swift in Sources */,
				AF076BF328C0FA1900DA3E19 /* AddReview.swift in Sources */,
				AFD9E77928A3BF19001A5B69 /* Logout.swift in Sources */,
				AFD9E78128A3CCC8001A5B69 /* ChangeUserData.swift in Sources */,
			);
			runOnlyForDeploymentPostprocessing = 0;
		};
		AF5702C628995D4300B4B0FB /* Sources */ = {
			isa = PBXSourcesBuildPhase;
			buildActionMask = 2147483647;
			files = (
				AF5702CF28995D4300B4B0FB /* GBShopTests.swift in Sources */,
				AF076BFF28C1027E00DA3E19 /* AddReviewTest.swift in Sources */,
				AF076C0128C103ED00DA3E19 /* DeleteReviewTest.swift in Sources */,
				AF0A866C28B41E95009BE900 /* GoodTests.swift in Sources */,
				AF0A865628B3A530009BE900 /* RegistrationTests.swift in Sources */,
				AF0A865228B39415009BE900 /* LogoutTests.swift in Sources */,
				AF076BFD28C1004600DA3E19 /* GetReviewsTest.swift in Sources */,
				AF0A865B28B3E907009BE900 /* CatalogTests.swift in Sources */,
				AF0A865428B3993F009BE900 /* ChangeUserDataTests.swift in Sources */,
				AF2EEDF328B22EB4003E5F33 /* AuthTests.swift in Sources */,
			);
			runOnlyForDeploymentPostprocessing = 0;
		};
		AF5702D028995D4300B4B0FB /* Sources */ = {
			isa = PBXSourcesBuildPhase;
			buildActionMask = 2147483647;
			files = (
				AF5702D928995D4300B4B0FB /* GBShopUITests.swift in Sources */,
				AF5702DB28995D4300B4B0FB /* GBShopUITestsLaunchTests.swift in Sources */,
			);
			runOnlyForDeploymentPostprocessing = 0;
		};
/* End PBXSourcesBuildPhase section */

/* Begin PBXTargetDependency section */
		AF5702CC28995D4300B4B0FB /* PBXTargetDependency */ = {
			isa = PBXTargetDependency;
			target = AF5702B328995D4300B4B0FB /* GBShop */;
			targetProxy = AF5702CB28995D4300B4B0FB /* PBXContainerItemProxy */;
		};
		AF5702D628995D4300B4B0FB /* PBXTargetDependency */ = {
			isa = PBXTargetDependency;
			target = AF5702B328995D4300B4B0FB /* GBShop */;
			targetProxy = AF5702D528995D4300B4B0FB /* PBXContainerItemProxy */;
		};
/* End PBXTargetDependency section */

/* Begin PBXVariantGroup section */
		AF5702C228995D4300B4B0FB /* LaunchScreen.storyboard */ = {
			isa = PBXVariantGroup;
			children = (
				AF5702C328995D4300B4B0FB /* Base */,
			);
			name = LaunchScreen.storyboard;
			sourceTree = "<group>";
		};
/* End PBXVariantGroup section */

/* Begin XCBuildConfiguration section */
		AF5702DC28995D4300B4B0FB /* Debug */ = {
			isa = XCBuildConfiguration;
			buildSettings = {
				ALWAYS_SEARCH_USER_PATHS = NO;
				CLANG_ANALYZER_NONNULL = YES;
				CLANG_ANALYZER_NUMBER_OBJECT_CONVERSION = YES_AGGRESSIVE;
				CLANG_CXX_LANGUAGE_STANDARD = "gnu++17";
				CLANG_ENABLE_MODULES = YES;
				CLANG_ENABLE_OBJC_ARC = YES;
				CLANG_ENABLE_OBJC_WEAK = YES;
				CLANG_WARN_BLOCK_CAPTURE_AUTORELEASING = YES;
				CLANG_WARN_BOOL_CONVERSION = YES;
				CLANG_WARN_COMMA = YES;
				CLANG_WARN_CONSTANT_CONVERSION = YES;
				CLANG_WARN_DEPRECATED_OBJC_IMPLEMENTATIONS = YES;
				CLANG_WARN_DIRECT_OBJC_ISA_USAGE = YES_ERROR;
				CLANG_WARN_DOCUMENTATION_COMMENTS = YES;
				CLANG_WARN_EMPTY_BODY = YES;
				CLANG_WARN_ENUM_CONVERSION = YES;
				CLANG_WARN_INFINITE_RECURSION = YES;
				CLANG_WARN_INT_CONVERSION = YES;
				CLANG_WARN_NON_LITERAL_NULL_CONVERSION = YES;
				CLANG_WARN_OBJC_IMPLICIT_RETAIN_SELF = YES;
				CLANG_WARN_OBJC_LITERAL_CONVERSION = YES;
				CLANG_WARN_OBJC_ROOT_CLASS = YES_ERROR;
				CLANG_WARN_QUOTED_INCLUDE_IN_FRAMEWORK_HEADER = YES;
				CLANG_WARN_RANGE_LOOP_ANALYSIS = YES;
				CLANG_WARN_STRICT_PROTOTYPES = YES;
				CLANG_WARN_SUSPICIOUS_MOVE = YES;
				CLANG_WARN_UNGUARDED_AVAILABILITY = YES_AGGRESSIVE;
				CLANG_WARN_UNREACHABLE_CODE = YES;
				CLANG_WARN__DUPLICATE_METHOD_MATCH = YES;
				COPY_PHASE_STRIP = NO;
				DEBUG_INFORMATION_FORMAT = dwarf;
				ENABLE_STRICT_OBJC_MSGSEND = YES;
				ENABLE_TESTABILITY = YES;
				GCC_C_LANGUAGE_STANDARD = gnu11;
				GCC_DYNAMIC_NO_PIC = NO;
				GCC_NO_COMMON_BLOCKS = YES;
				GCC_OPTIMIZATION_LEVEL = 0;
				GCC_PREPROCESSOR_DEFINITIONS = (
					"DEBUG=1",
					"$(inherited)",
				);
				GCC_WARN_64_TO_32_BIT_CONVERSION = YES;
				GCC_WARN_ABOUT_RETURN_TYPE = YES_ERROR;
				GCC_WARN_UNDECLARED_SELECTOR = YES;
				GCC_WARN_UNINITIALIZED_AUTOS = YES_AGGRESSIVE;
				GCC_WARN_UNUSED_FUNCTION = YES;
				GCC_WARN_UNUSED_VARIABLE = YES;
				IPHONEOS_DEPLOYMENT_TARGET = 15.5;
				MTL_ENABLE_DEBUG_INFO = INCLUDE_SOURCE;
				MTL_FAST_MATH = YES;
				ONLY_ACTIVE_ARCH = YES;
				SDKROOT = iphoneos;
				SWIFT_ACTIVE_COMPILATION_CONDITIONS = DEBUG;
				SWIFT_OPTIMIZATION_LEVEL = "-Onone";
			};
			name = Debug;
		};
		AF5702DD28995D4300B4B0FB /* Release */ = {
			isa = XCBuildConfiguration;
			buildSettings = {
				ALWAYS_SEARCH_USER_PATHS = NO;
				CLANG_ANALYZER_NONNULL = YES;
				CLANG_ANALYZER_NUMBER_OBJECT_CONVERSION = YES_AGGRESSIVE;
				CLANG_CXX_LANGUAGE_STANDARD = "gnu++17";
				CLANG_ENABLE_MODULES = YES;
				CLANG_ENABLE_OBJC_ARC = YES;
				CLANG_ENABLE_OBJC_WEAK = YES;
				CLANG_WARN_BLOCK_CAPTURE_AUTORELEASING = YES;
				CLANG_WARN_BOOL_CONVERSION = YES;
				CLANG_WARN_COMMA = YES;
				CLANG_WARN_CONSTANT_CONVERSION = YES;
				CLANG_WARN_DEPRECATED_OBJC_IMPLEMENTATIONS = YES;
				CLANG_WARN_DIRECT_OBJC_ISA_USAGE = YES_ERROR;
				CLANG_WARN_DOCUMENTATION_COMMENTS = YES;
				CLANG_WARN_EMPTY_BODY = YES;
				CLANG_WARN_ENUM_CONVERSION = YES;
				CLANG_WARN_INFINITE_RECURSION = YES;
				CLANG_WARN_INT_CONVERSION = YES;
				CLANG_WARN_NON_LITERAL_NULL_CONVERSION = YES;
				CLANG_WARN_OBJC_IMPLICIT_RETAIN_SELF = YES;
				CLANG_WARN_OBJC_LITERAL_CONVERSION = YES;
				CLANG_WARN_OBJC_ROOT_CLASS = YES_ERROR;
				CLANG_WARN_QUOTED_INCLUDE_IN_FRAMEWORK_HEADER = YES;
				CLANG_WARN_RANGE_LOOP_ANALYSIS = YES;
				CLANG_WARN_STRICT_PROTOTYPES = YES;
				CLANG_WARN_SUSPICIOUS_MOVE = YES;
				CLANG_WARN_UNGUARDED_AVAILABILITY = YES_AGGRESSIVE;
				CLANG_WARN_UNREACHABLE_CODE = YES;
				CLANG_WARN__DUPLICATE_METHOD_MATCH = YES;
				COPY_PHASE_STRIP = NO;
				DEBUG_INFORMATION_FORMAT = "dwarf-with-dsym";
				ENABLE_NS_ASSERTIONS = NO;
				ENABLE_STRICT_OBJC_MSGSEND = YES;
				GCC_C_LANGUAGE_STANDARD = gnu11;
				GCC_NO_COMMON_BLOCKS = YES;
				GCC_WARN_64_TO_32_BIT_CONVERSION = YES;
				GCC_WARN_ABOUT_RETURN_TYPE = YES_ERROR;
				GCC_WARN_UNDECLARED_SELECTOR = YES;
				GCC_WARN_UNINITIALIZED_AUTOS = YES_AGGRESSIVE;
				GCC_WARN_UNUSED_FUNCTION = YES;
				GCC_WARN_UNUSED_VARIABLE = YES;
				IPHONEOS_DEPLOYMENT_TARGET = 15.5;
				MTL_ENABLE_DEBUG_INFO = NO;
				MTL_FAST_MATH = YES;
				SDKROOT = iphoneos;
				SWIFT_COMPILATION_MODE = wholemodule;
				SWIFT_OPTIMIZATION_LEVEL = "-O";
				VALIDATE_PRODUCT = YES;
			};
			name = Release;
		};
		AF5702DF28995D4300B4B0FB /* Debug */ = {
			isa = XCBuildConfiguration;
			buildSettings = {
				ASSETCATALOG_COMPILER_APPICON_NAME = AppIcon;
				ASSETCATALOG_COMPILER_GLOBAL_ACCENT_COLOR_NAME = AccentColor;
				CODE_SIGN_STYLE = Automatic;
				CURRENT_PROJECT_VERSION = 1;
				DEVELOPMENT_TEAM = ZU4J9YA52M;
				GENERATE_INFOPLIST_FILE = YES;
				INFOPLIST_FILE = GBShop/Environments/Info.plist;
				INFOPLIST_KEY_UIApplicationSupportsIndirectInputEvents = YES;
				INFOPLIST_KEY_UILaunchStoryboardName = LaunchScreen;
				INFOPLIST_KEY_UISupportedInterfaceOrientations_iPad = "UIInterfaceOrientationPortrait UIInterfaceOrientationPortraitUpsideDown UIInterfaceOrientationLandscapeLeft UIInterfaceOrientationLandscapeRight";
				INFOPLIST_KEY_UISupportedInterfaceOrientations_iPhone = "UIInterfaceOrientationPortrait UIInterfaceOrientationLandscapeLeft UIInterfaceOrientationLandscapeRight";
				LD_RUNPATH_SEARCH_PATHS = (
					"$(inherited)",
					"@executable_path/Frameworks",
				);
				MARKETING_VERSION = 1.0;
				PRODUCT_BUNDLE_IDENTIFIER = Personal.GBShop;
				PRODUCT_NAME = "$(TARGET_NAME)";
				SWIFT_EMIT_LOC_STRINGS = YES;
				SWIFT_VERSION = 5.0;
				TARGETED_DEVICE_FAMILY = "1,2";
			};
			name = Debug;
		};
		AF5702E028995D4300B4B0FB /* Release */ = {
			isa = XCBuildConfiguration;
			buildSettings = {
				ASSETCATALOG_COMPILER_APPICON_NAME = AppIcon;
				ASSETCATALOG_COMPILER_GLOBAL_ACCENT_COLOR_NAME = AccentColor;
				CODE_SIGN_STYLE = Automatic;
				CURRENT_PROJECT_VERSION = 1;
				DEVELOPMENT_TEAM = ZU4J9YA52M;
				GENERATE_INFOPLIST_FILE = YES;
				INFOPLIST_FILE = GBShop/Environments/Info.plist;
				INFOPLIST_KEY_UIApplicationSupportsIndirectInputEvents = YES;
				INFOPLIST_KEY_UILaunchStoryboardName = LaunchScreen;
				INFOPLIST_KEY_UISupportedInterfaceOrientations_iPad = "UIInterfaceOrientationPortrait UIInterfaceOrientationPortraitUpsideDown UIInterfaceOrientationLandscapeLeft UIInterfaceOrientationLandscapeRight";
				INFOPLIST_KEY_UISupportedInterfaceOrientations_iPhone = "UIInterfaceOrientationPortrait UIInterfaceOrientationLandscapeLeft UIInterfaceOrientationLandscapeRight";
				LD_RUNPATH_SEARCH_PATHS = (
					"$(inherited)",
					"@executable_path/Frameworks",
				);
				MARKETING_VERSION = 1.0;
				PRODUCT_BUNDLE_IDENTIFIER = Personal.GBShop;
				PRODUCT_NAME = "$(TARGET_NAME)";
				SWIFT_EMIT_LOC_STRINGS = YES;
				SWIFT_VERSION = 5.0;
				TARGETED_DEVICE_FAMILY = "1,2";
			};
			name = Release;
		};
		AF5702E228995D4300B4B0FB /* Debug */ = {
			isa = XCBuildConfiguration;
			buildSettings = {
				ALWAYS_EMBED_SWIFT_STANDARD_LIBRARIES = YES;
				BUNDLE_LOADER = "$(TEST_HOST)";
				CODE_SIGN_STYLE = Automatic;
				CURRENT_PROJECT_VERSION = 1;
				DEVELOPMENT_TEAM = ZU4J9YA52M;
				GENERATE_INFOPLIST_FILE = YES;
				IPHONEOS_DEPLOYMENT_TARGET = 15.5;
				MARKETING_VERSION = 1.0;
				PRODUCT_BUNDLE_IDENTIFIER = Personal.GBShopTests;
				PRODUCT_NAME = "$(TARGET_NAME)";
				SWIFT_EMIT_LOC_STRINGS = NO;
				SWIFT_VERSION = 5.0;
				TARGETED_DEVICE_FAMILY = "1,2";
				TEST_HOST = "$(BUILT_PRODUCTS_DIR)/GBShop.app/GBShop";
			};
			name = Debug;
		};
		AF5702E328995D4300B4B0FB /* Release */ = {
			isa = XCBuildConfiguration;
			buildSettings = {
				ALWAYS_EMBED_SWIFT_STANDARD_LIBRARIES = YES;
				BUNDLE_LOADER = "$(TEST_HOST)";
				CODE_SIGN_STYLE = Automatic;
				CURRENT_PROJECT_VERSION = 1;
				DEVELOPMENT_TEAM = ZU4J9YA52M;
				GENERATE_INFOPLIST_FILE = YES;
				IPHONEOS_DEPLOYMENT_TARGET = 15.5;
				MARKETING_VERSION = 1.0;
				PRODUCT_BUNDLE_IDENTIFIER = Personal.GBShopTests;
				PRODUCT_NAME = "$(TARGET_NAME)";
				SWIFT_EMIT_LOC_STRINGS = NO;
				SWIFT_VERSION = 5.0;
				TARGETED_DEVICE_FAMILY = "1,2";
				TEST_HOST = "$(BUILT_PRODUCTS_DIR)/GBShop.app/GBShop";
			};
			name = Release;
		};
		AF5702E528995D4300B4B0FB /* Debug */ = {
			isa = XCBuildConfiguration;
			buildSettings = {
				ALWAYS_EMBED_SWIFT_STANDARD_LIBRARIES = YES;
				CODE_SIGN_STYLE = Automatic;
				CURRENT_PROJECT_VERSION = 1;
				DEVELOPMENT_TEAM = ZU4J9YA52M;
				GENERATE_INFOPLIST_FILE = YES;
				MARKETING_VERSION = 1.0;
				PRODUCT_BUNDLE_IDENTIFIER = Personal.GBShopUITests;
				PRODUCT_NAME = "$(TARGET_NAME)";
				SWIFT_EMIT_LOC_STRINGS = NO;
				SWIFT_VERSION = 5.0;
				TARGETED_DEVICE_FAMILY = "1,2";
				TEST_TARGET_NAME = GBShop;
			};
			name = Debug;
		};
		AF5702E628995D4300B4B0FB /* Release */ = {
			isa = XCBuildConfiguration;
			buildSettings = {
				ALWAYS_EMBED_SWIFT_STANDARD_LIBRARIES = YES;
				CODE_SIGN_STYLE = Automatic;
				CURRENT_PROJECT_VERSION = 1;
				DEVELOPMENT_TEAM = ZU4J9YA52M;
				GENERATE_INFOPLIST_FILE = YES;
				MARKETING_VERSION = 1.0;
				PRODUCT_BUNDLE_IDENTIFIER = Personal.GBShopUITests;
				PRODUCT_NAME = "$(TARGET_NAME)";
				SWIFT_EMIT_LOC_STRINGS = NO;
				SWIFT_VERSION = 5.0;
				TARGETED_DEVICE_FAMILY = "1,2";
				TEST_TARGET_NAME = GBShop;
			};
			name = Release;
		};
/* End XCBuildConfiguration section */

/* Begin XCConfigurationList section */
		AF5702AF28995D4300B4B0FB /* Build configuration list for PBXProject "GBShop" */ = {
			isa = XCConfigurationList;
			buildConfigurations = (
				AF5702DC28995D4300B4B0FB /* Debug */,
				AF5702DD28995D4300B4B0FB /* Release */,
			);
			defaultConfigurationIsVisible = 0;
			defaultConfigurationName = Release;
		};
		AF5702DE28995D4300B4B0FB /* Build configuration list for PBXNativeTarget "GBShop" */ = {
			isa = XCConfigurationList;
			buildConfigurations = (
				AF5702DF28995D4300B4B0FB /* Debug */,
				AF5702E028995D4300B4B0FB /* Release */,
			);
			defaultConfigurationIsVisible = 0;
			defaultConfigurationName = Release;
		};
		AF5702E128995D4300B4B0FB /* Build configuration list for PBXNativeTarget "GBShopTests" */ = {
			isa = XCConfigurationList;
			buildConfigurations = (
				AF5702E228995D4300B4B0FB /* Debug */,
				AF5702E328995D4300B4B0FB /* Release */,
			);
			defaultConfigurationIsVisible = 0;
			defaultConfigurationName = Release;
		};
		AF5702E428995D4300B4B0FB /* Build configuration list for PBXNativeTarget "GBShopUITests" */ = {
			isa = XCConfigurationList;
			buildConfigurations = (
				AF5702E528995D4300B4B0FB /* Debug */,
				AF5702E628995D4300B4B0FB /* Release */,
			);
			defaultConfigurationIsVisible = 0;
			defaultConfigurationName = Release;
		};
/* End XCConfigurationList section */

/* Begin XCRemoteSwiftPackageReference section */
		AFD9E75D28A28A11001A5B69 /* XCRemoteSwiftPackageReference "Alamofire" */ = {
			isa = XCRemoteSwiftPackageReference;
			repositoryURL = "https://github.com/Alamofire/Alamofire.git";
			requirement = {
				kind = upToNextMajorVersion;
				minimumVersion = 5.0.0;
			};
		};
/* End XCRemoteSwiftPackageReference section */

/* Begin XCSwiftPackageProductDependency section */
		AFD9E75E28A28A11001A5B69 /* Alamofire */ = {
			isa = XCSwiftPackageProductDependency;
			package = AFD9E75D28A28A11001A5B69 /* XCRemoteSwiftPackageReference "Alamofire" */;
			productName = Alamofire;
		};
/* End XCSwiftPackageProductDependency section */
	};
	rootObject = AF5702AC28995D4300B4B0FB /* Project object */;
}
